<?xml version="1.0" encoding="utf-8"?>
<Project ToolsVersion="4.0" xmlns="http://schemas.microsoft.com/developer/msbuild/2003">
  <ItemGroup>
    <Filter Include="Scene">
      <UniqueIdentifier>{93995380-89BD-4b04-88EB-625FBE52EBFB}</UniqueIdentifier>
      <Extensions>h;hh;hpp;hxx;h++;hm;inl;inc;ipp;xsd</Extensions>
    </Filter>
    <Filter Include="Json">
      <UniqueIdentifier>{7a8fcb7e-0132-4ed9-be5a-12c90e1e0917}</UniqueIdentifier>
    </Filter>
    <Filter Include="Json\File">
      <UniqueIdentifier>{d42c3d30-4758-42e6-bc9a-7cb261fae233}</UniqueIdentifier>
    </Filter>
    <Filter Include="Scene\Manager">
      <UniqueIdentifier>{53af874b-408e-4d46-933f-1b4fce1fa681}</UniqueIdentifier>
    </Filter>
    <Filter Include="Scene\Changer">
      <UniqueIdentifier>{e8258cc4-259b-42fe-a03d-16c64a3e900a}</UniqueIdentifier>
    </Filter>
    <Filter Include="Scene\Type">
      <UniqueIdentifier>{3bf80840-65e3-41a5-9e1c-6d79868d5774}</UniqueIdentifier>
    </Filter>
    <Filter Include="Scene\Type\Game">
      <UniqueIdentifier>{ee48e7ce-33ea-4c8b-a58d-ded8787cba07}</UniqueIdentifier>
    </Filter>
    <Filter Include="Scene\Type\Load">
      <UniqueIdentifier>{532efa21-8f9c-46d9-b712-06557c74f422}</UniqueIdentifier>
    </Filter>
    <Filter Include="Scene\Type\Base">
      <UniqueIdentifier>{0bdc4ccd-fa10-4ff1-9aef-1225f3a0d725}</UniqueIdentifier>
    </Filter>
    <Filter Include="Json\Loader">
      <UniqueIdentifier>{41b87622-2c4c-44b2-8e67-8344665a1f8a}</UniqueIdentifier>
    </Filter>
    <Filter Include="Json\Manager">
      <UniqueIdentifier>{9945ae04-01f1-4104-9713-aa40d4757c94}</UniqueIdentifier>
    </Filter>
    <Filter Include="Object">
      <UniqueIdentifier>{3d964cea-eaa3-40ea-bbda-fdaa2f5720ec}</UniqueIdentifier>
    </Filter>
    <Filter Include="Object\Map">
      <UniqueIdentifier>{578d26eb-3713-48dd-9647-a06275298111}</UniqueIdentifier>
    </Filter>
    <Filter Include="Data">
      <UniqueIdentifier>{183fbf68-dac6-4b05-9465-64cfa656c0b5}</UniqueIdentifier>
    </Filter>
    <Filter Include="Other">
      <UniqueIdentifier>{8982895f-5c2d-41f4-990a-77431b47fe23}</UniqueIdentifier>
    </Filter>
    <Filter Include="Other\FPSController">
      <UniqueIdentifier>{4FC737F1-C7A5-4376-A066-2A32D752A2FF}</UniqueIdentifier>
      <Extensions>cpp;c;cc;cxx;c++;cppm;ixx;def;odl;idl;hpj;bat;asm;asmx</Extensions>
    </Filter>
    <Filter Include="Other\LoadingAsset">
      <UniqueIdentifier>{b05d2304-1a58-4a35-be3f-fc84576338ee}</UniqueIdentifier>
    </Filter>
    <Filter Include="Data\Transform">
      <UniqueIdentifier>{2a1acee5-cb24-4d89-b806-aa091fb3e683}</UniqueIdentifier>
    </Filter>
    <Filter Include="Other\ScreenSetup">
      <UniqueIdentifier>{67DA6AB6-F800-4c08-8B7A-83BB121AAD01}</UniqueIdentifier>
      <Extensions>rc;ico;cur;bmp;dlg;rc2;rct;bin;rgs;gif;jpg;jpeg;jpe;resx;tiff;tif;png;wav;mfcribbon-ms</Extensions>
    </Filter>
    <Filter Include="Data\HeaderFile">
      <UniqueIdentifier>{365052f4-3377-444e-bb3e-2ffc09b09f16}</UniqueIdentifier>
    </Filter>
    <Filter Include="Object\Camera">
      <UniqueIdentifier>{e11c1448-d36a-45d2-a92d-487b76ecda5e}</UniqueIdentifier>
    </Filter>
    <Filter Include="Object\Camera\Manager">
      <UniqueIdentifier>{4beac0c3-5332-45bd-a60e-3a8d3dac7ffc}</UniqueIdentifier>
    </Filter>
    <Filter Include="Data\Singleton">
      <UniqueIdentifier>{87fe75bc-2600-4894-abb5-c790bf82292a}</UniqueIdentifier>
    </Filter>
    <Filter Include="Data\VECTORtoUseful">
      <UniqueIdentifier>{bf2757e9-26ed-44b0-95d7-f195106f0e5f}</UniqueIdentifier>
    </Filter>
    <Filter Include="Object\Map\Manager">
      <UniqueIdentifier>{d04c3abc-e5eb-4d03-a202-d6c40f68757b}</UniqueIdentifier>
    </Filter>
    <Filter Include="Debug">
      <UniqueIdentifier>{698d366a-b420-4203-b60d-c11510e3b874}</UniqueIdentifier>
    </Filter>
    <Filter Include="InputManager">
      <UniqueIdentifier>{58d3b52a-1806-4a75-bc73-787f4abe430d}</UniqueIdentifier>
    </Filter>
    <Filter Include="Object\Map\Skydome">
      <UniqueIdentifier>{00644cf4-cc1b-4557-beaa-613dc603e37e}</UniqueIdentifier>
    </Filter>
    <Filter Include="Object\Character">
      <UniqueIdentifier>{3fc86b96-4675-44da-92f3-ea37320d1313}</UniqueIdentifier>
    </Filter>
    <Filter Include="Object\Character\Player">
      <UniqueIdentifier>{99cea7a1-2aea-4212-943c-43d0b70c0397}</UniqueIdentifier>
    </Filter>
    <Filter Include="Object\Character\Enemy">
      <UniqueIdentifier>{c42f51d4-9a05-4bb4-a762-e63c536ca483}</UniqueIdentifier>
    </Filter>
    <Filter Include="Object\Character\PlayerManager">
      <UniqueIdentifier>{92bd5c24-fadf-447d-9c5e-620647e01723}</UniqueIdentifier>
    </Filter>
    <Filter Include="Data\BitFlag">
      <UniqueIdentifier>{b08a6700-eaef-4265-af97-c176d9d357b9}</UniqueIdentifier>
    </Filter>
    <Filter Include="Animation">
      <UniqueIdentifier>{9a45627d-9426-470a-9e62-4260da791afa}</UniqueIdentifier>
    </Filter>
    <Filter Include="Collision">
      <UniqueIdentifier>{f1a33d7d-eecc-4dae-8795-b4ae50f423f3}</UniqueIdentifier>
    </Filter>
    <Filter Include="UI">
      <UniqueIdentifier>{efb3e4fa-b963-40ae-b20d-cc4705da50d7}</UniqueIdentifier>
    </Filter>
    <Filter Include="UI\Manager">
      <UniqueIdentifier>{2ba8901a-af08-49c0-a5f1-ae9be57edcaa}</UniqueIdentifier>
    </Filter>
    <Filter Include="Object\Map\BossMap">
      <UniqueIdentifier>{ffb39af1-a9fc-4823-9dd3-020f1c98df57}</UniqueIdentifier>
    </Filter>
    <Filter Include="UI\ButtonUI">
      <UniqueIdentifier>{5b61f51d-f525-4524-8d63-3c9e9a7ae028}</UniqueIdentifier>
    </Filter>
    <Filter Include="UI\HPUI">
      <UniqueIdentifier>{8ae68818-4ed3-423b-9cca-40de92dfbd3e}</UniqueIdentifier>
    </Filter>
    <Filter Include="Object\Attack">
      <UniqueIdentifier>{85c3ea9d-90a4-4cd5-92a5-ce5cf6df9bba}</UniqueIdentifier>
    </Filter>
    <Filter Include="Collision\Rigidbody">
      <UniqueIdentifier>{d9f061a2-dc46-4c23-a4b4-b1c37b05c25f}</UniqueIdentifier>
    </Filter>
    <Filter Include="Collision\ColliderData">
      <UniqueIdentifier>{f3d0129b-8896-4d85-8dec-a50e94735d5e}</UniqueIdentifier>
    </Filter>
    <Filter Include="Object\Attack\Manager">
      <UniqueIdentifier>{ac5a6d95-5018-43cd-bb9c-984bb81bfe34}</UniqueIdentifier>
    </Filter>
    <Filter Include="Object\Attack\Manager\Type">
      <UniqueIdentifier>{e192b15f-29c7-4394-8fc8-677630071b65}</UniqueIdentifier>
    </Filter>
    <Filter Include="Object\Attack\Manager\Type\Player">
      <UniqueIdentifier>{832e6b1d-5ffc-4efb-8198-033046818b12}</UniqueIdentifier>
    </Filter>
    <Filter Include="Effect">
      <UniqueIdentifier>{7932e36d-11f9-4909-b064-c775dbf5a0f7}</UniqueIdentifier>
    </Filter>
    <Filter Include="Object\Character\Enemy\Action">
      <UniqueIdentifier>{5933574b-c5b6-424f-b742-962dab35536c}</UniqueIdentifier>
    </Filter>
    <Filter Include="Object\Character\Enemy\Action\BossAction">
      <UniqueIdentifier>{bcb51280-93f9-4050-a12f-9d9d9b5ee39a}</UniqueIdentifier>
    </Filter>
    <Filter Include="UI\Scene">
      <UniqueIdentifier>{44aa4494-94f5-490b-a745-bbc830e4c3f3}</UniqueIdentifier>
    </Filter>
    <Filter Include="Collision\Manager">
      <UniqueIdentifier>{ec82f4a1-bdf7-48a8-b91f-f588e293273a}</UniqueIdentifier>
    </Filter>
    <Filter Include="Collision\AttackData">
      <UniqueIdentifier>{b8e04a16-d8cc-4bf1-a4e0-a3f0dc1b9f79}</UniqueIdentifier>
    </Filter>
    <Filter Include="Collision\CharacterData">
      <UniqueIdentifier>{e865ab3e-51cd-4217-991a-39fb9fa5152d}</UniqueIdentifier>
    </Filter>
    <Filter Include="Collision\CharacterData\Player">
      <UniqueIdentifier>{ac6574e3-c8ea-4a79-af2b-09e3500ae94b}</UniqueIdentifier>
    </Filter>
    <Filter Include="Collision\CharacterData\Enemy">
      <UniqueIdentifier>{6b6284fe-8353-433d-bd87-affe2af9cbdf}</UniqueIdentifier>
    </Filter>
    <Filter Include="HitStopManager">
      <UniqueIdentifier>{31fe7dbc-888b-4de1-bcd5-82599d8ac1d3}</UniqueIdentifier>
    </Filter>
    <Filter Include="UI\Scene\Image">
      <UniqueIdentifier>{cf052126-ceb6-459b-bbdb-b3ec3d6f1b67}</UniqueIdentifier>
    </Filter>
    <Filter Include="Scene\Type\Title">
      <UniqueIdentifier>{c7bb2f3e-8881-49cc-9503-a0a56c6be8ae}</UniqueIdentifier>
    </Filter>
    <Filter Include="UI\Scene\Game">
      <UniqueIdentifier>{171d95ff-3032-437d-b766-3b8dacfa174b}</UniqueIdentifier>
    </Filter>
    <Filter Include="UI\Scene\Title">
      <UniqueIdentifier>{70c3cf82-f898-4a6f-b685-885b8c0ad3c7}</UniqueIdentifier>
    </Filter>
    <Filter Include="UI\Scene\GameClear">
      <UniqueIdentifier>{160ddbbe-aba5-4ff0-9b8f-3773bb94577a}</UniqueIdentifier>
    </Filter>
    <Filter Include="UI\Scene\GameOver">
      <UniqueIdentifier>{04e3efcb-a57c-4c66-a0bc-fe25bc95e16b}</UniqueIdentifier>
    </Filter>
    <Filter Include="UI\Scene\Base">
      <UniqueIdentifier>{04e2912a-6ce1-439f-9f5c-5f044c75c75b}</UniqueIdentifier>
    </Filter>
    <Filter Include="Scene\Type\GameOver">
      <UniqueIdentifier>{e7e21a4e-e389-4fad-a1e2-0d59e6c505da}</UniqueIdentifier>
    </Filter>
    <Filter Include="Scene\Type\GameClear">
      <UniqueIdentifier>{26a28eac-07f6-4794-a111-235948333028}</UniqueIdentifier>
    </Filter>
    <Filter Include="Effect\Player">
      <UniqueIdentifier>{e6b6f140-7a77-4a46-9039-0ad0c39a851f}</UniqueIdentifier>
    </Filter>
    <Filter Include="Effect\Boss">
      <UniqueIdentifier>{3c29b770-8ac6-4904-82d3-dd79bf1ddce2}</UniqueIdentifier>
    </Filter>
    <Filter Include="UI\BossNameUI">
      <UniqueIdentifier>{04218eaf-3fe8-48ba-8997-1beca44a20dd}</UniqueIdentifier>
    </Filter>
    <Filter Include="Shadow">
      <UniqueIdentifier>{55dc8494-8aee-4a61-9654-35d44da7f8d2}</UniqueIdentifier>
    </Filter>
    <Filter Include="Effect\Boss\Impact">
      <UniqueIdentifier>{f497ad7d-91f3-46b1-812c-7d560598c3a8}</UniqueIdentifier>
    </Filter>
    <Filter Include="Effect\Player\GuardHit">
      <UniqueIdentifier>{44626b58-9d09-437e-890d-a3c6e80aed28}</UniqueIdentifier>
    </Filter>
    <Filter Include="Effect\Player\Heal">
      <UniqueIdentifier>{51852b70-5cb6-4c07-a1da-ff8360ebde2c}</UniqueIdentifier>
    </Filter>
    <Filter Include="Effect\Player\Attack">
      <UniqueIdentifier>{864f1921-cfdf-41f6-a694-09df82e26b0f}</UniqueIdentifier>
    </Filter>
    <Filter Include="UI\Audience">
      <UniqueIdentifier>{39376430-e6d4-49d7-bce7-d682bfcc6ed9}</UniqueIdentifier>
    </Filter>
    <Filter Include="Timer">
      <UniqueIdentifier>{1463850c-e73c-48b2-9915-8c4246a180d7}</UniqueIdentifier>
    </Filter>
    <Filter Include="Effect\Player\ChargeAttack">
      <UniqueIdentifier>{75a56904-a943-4964-9fd8-554ea8e9a7e1}</UniqueIdentifier>
    </Filter>
    <Filter Include="UI\Scene\Select">
      <UniqueIdentifier>{428ebf5b-faca-456b-8540-351c9c3a5d0f}</UniqueIdentifier>
    </Filter>
    <Filter Include="Object\Character\Player\PlayerAction">
      <UniqueIdentifier>{f9e468c1-bb7d-45ab-8d9e-5681db83aa0a}</UniqueIdentifier>
    </Filter>
    <Filter Include="Object\Character\Player\PlayerController">
      <UniqueIdentifier>{3b571b84-5ce1-4f99-a178-501a043a0e0f}</UniqueIdentifier>
    </Filter>
    <Filter Include="Object\Character\Enemy\EnemyChanger">
      <UniqueIdentifier>{8a45c294-a222-4981-b5bc-cbc557c616c3}</UniqueIdentifier>
    </Filter>
    <Filter Include="Object\Character\Enemy\EnemyManager">
      <UniqueIdentifier>{06d10af2-3272-434d-8d5b-e7b6fa8af27b}</UniqueIdentifier>
    </Filter>
    <Filter Include="Object\Character\Player\PlayerAction\A_Idle">
      <UniqueIdentifier>{7e60549c-4cf4-4af6-80cb-c29a41d7320d}</UniqueIdentifier>
    </Filter>
    <Filter Include="Object\Character\Player\PlayerAction\B_Avoid">
      <UniqueIdentifier>{2617ec1d-1743-4be1-80fd-0c66fef0d86f}</UniqueIdentifier>
    </Filter>
    <Filter Include="Object\Character\Player\PlayerAction\C_Death">
      <UniqueIdentifier>{3033251f-edd7-4a54-94d4-98f8c3c2b8b9}</UniqueIdentifier>
    </Filter>
    <Filter Include="Object\Character\Player\PlayerAction\D_Block">
      <UniqueIdentifier>{4d04b1a3-939a-4d15-83e0-afad9a8f2824}</UniqueIdentifier>
    </Filter>
    <Filter Include="Object\Character\Player\PlayerAction\E_Stagger">
      <UniqueIdentifier>{f9e711ea-841e-41e3-951c-601cc92fec9c}</UniqueIdentifier>
    </Filter>
    <Filter Include="Object\Character\Player\PlayerAction\F_BlockStagger">
      <UniqueIdentifier>{0cae343f-ae2a-4077-b181-8136524cc632}</UniqueIdentifier>
    </Filter>
    <Filter Include="Object\Character\Player\PlayerAction\G_Knockdown">
      <UniqueIdentifier>{048d6f5b-e8c9-43aa-94bc-1451e3bcd141}</UniqueIdentifier>
    </Filter>
    <Filter Include="Object\Character\Player\PlayerAction\H_KnockUp">
      <UniqueIdentifier>{681451a9-8346-487e-a0b9-23c82feaeda4}</UniqueIdentifier>
    </Filter>
    <Filter Include="Object\Character\Player\PlayerAction\I_Heal">
      <UniqueIdentifier>{585044ea-eafc-41be-ac6b-ac3eaf83eed4}</UniqueIdentifier>
    </Filter>
    <Filter Include="Object\Character\Player\PlayerAction\K_RUN_OUT_OF_STAMINA">
      <UniqueIdentifier>{b8f03a57-2eff-4426-938b-68d2d56030fd}</UniqueIdentifier>
    </Filter>
    <Filter Include="Object\Character\Player\PlayerAction\L_Walk">
      <UniqueIdentifier>{41e4f00c-3e41-4d90-9164-4b965eb324f5}</UniqueIdentifier>
    </Filter>
    <Filter Include="Object\Character\Player\PlayerAction\M_Combo1">
      <UniqueIdentifier>{e480934d-5056-498e-bb2b-e1f593d8956f}</UniqueIdentifier>
    </Filter>
    <Filter Include="Object\Character\Player\PlayerAction\N_Combo2">
      <UniqueIdentifier>{23159bec-e989-4142-8fa5-605fe3810871}</UniqueIdentifier>
    </Filter>
    <Filter Include="Object\Character\Player\PlayerAction\O_Combo3">
      <UniqueIdentifier>{1d5436f9-61f9-40ff-9420-66ebefe44a30}</UniqueIdentifier>
    </Filter>
    <Filter Include="Object\Character\Player\PlayerAction\P_StrongAttack">
      <UniqueIdentifier>{c76a1d9d-e4fe-48fc-ae4d-59505640cf10}</UniqueIdentifier>
    </Filter>
    <Filter Include="Object\Character\Player\PlayerAction\J_Run">
      <UniqueIdentifier>{561ca5b8-67d1-438e-8c6d-c79db1d547f9}</UniqueIdentifier>
    </Filter>
    <Filter Include="Object\Character\Enemy\dragon">
      <UniqueIdentifier>{c76d36c1-9189-4379-b288-c36814c4e4d2}</UniqueIdentifier>
    </Filter>
    <Filter Include="Object\Character\Enemy\beast">
      <UniqueIdentifier>{e143db46-602f-44d4-94fe-9e0e91b5f19a}</UniqueIdentifier>
    </Filter>
    <Filter Include="Object\Character\Enemy\Action\BossAction\Attack">
      <UniqueIdentifier>{4b018703-84ac-4fa5-856c-702a94ee4945}</UniqueIdentifier>
    </Filter>
    <Filter Include="Object\Character\Enemy\Action\BossAction\Attack\StabAttack">
      <UniqueIdentifier>{0faff77c-c466-4dca-ae17-86cb7e5de5fd}</UniqueIdentifier>
    </Filter>
    <Filter Include="Object\Character\Enemy\Action\BossAction\Attack\SlashAttack">
      <UniqueIdentifier>{c86ce186-bbb7-4871-96ec-53f24fd5e23e}</UniqueIdentifier>
    </Filter>
    <Filter Include="Object\Character\Enemy\Action\BossAction\Attack\Punch">
      <UniqueIdentifier>{22a8e7a4-4cbf-4e37-a197-14d3952b7172}</UniqueIdentifier>
    </Filter>
    <Filter Include="Object\Character\Enemy\Action\BossAction\Attack\RotateSlash">
      <UniqueIdentifier>{321d2b4d-7104-4481-a2a5-aacc63e8d10b}</UniqueIdentifier>
    </Filter>
    <Filter Include="Object\Character\Enemy\Action\BossAction\Attack\JumpAttack">
      <UniqueIdentifier>{bfd04c36-d4c8-4bcc-8af2-34746ec8b36a}</UniqueIdentifier>
    </Filter>
    <Filter Include="Object\Character\Enemy\Action\BossAction\Attack\SlashCombo2">
      <UniqueIdentifier>{590f51a2-021c-42da-be27-2b75ef7a6493}</UniqueIdentifier>
    </Filter>
    <Filter Include="Object\Character\Enemy\Action\BossAction\Attack\SlashCombo">
      <UniqueIdentifier>{f33ef835-9a3a-41b1-9ab3-6be5e0f30745}</UniqueIdentifier>
    </Filter>
    <Filter Include="Object\Character\Enemy\Action\BossAction\Attack\Slash2">
      <UniqueIdentifier>{6a5db568-ae42-4078-860d-4dfc02aca0ab}</UniqueIdentifier>
    </Filter>
    <Filter Include="Object\Character\Enemy\Action\BossAction\Parameter">
      <UniqueIdentifier>{228e8d31-1860-4ea2-ad39-9e943544e666}</UniqueIdentifier>
    </Filter>
    <Filter Include="Object\Character\Enemy\Action\BossAction\Parameter\Chase">
      <UniqueIdentifier>{c57bcfed-c421-41a6-968d-4c8a1b3aed38}</UniqueIdentifier>
    </Filter>
    <Filter Include="Object\Character\Enemy\Action\BossAction\Parameter\Rest">
      <UniqueIdentifier>{8183cf00-6ee3-47f8-93e9-9e550f11fa27}</UniqueIdentifier>
    </Filter>
    <Filter Include="Object\Character\Enemy\Action\BossAction\Parameter\Attack">
      <UniqueIdentifier>{291c0e0d-6f23-43b8-a46a-7c416ca28b52}</UniqueIdentifier>
    </Filter>
    <Filter Include="Object\Character\Enemy\Action\BossAction\Parameter\Attack\Slash">
      <UniqueIdentifier>{8bfcefed-742f-446a-b11c-c0fb44f158a9}</UniqueIdentifier>
    </Filter>
    <Filter Include="Object\Character\Enemy\Action\BossAction\Parameter\Attack\Stab">
      <UniqueIdentifier>{f13408b7-7fea-4ea4-872d-7c21ec2525b8}</UniqueIdentifier>
    </Filter>
    <Filter Include="Object\Character\Enemy\Action\BossAction\Parameter\Attack\Punch">
      <UniqueIdentifier>{e940d90e-a97f-4414-9d88-074050cc6f16}</UniqueIdentifier>
    </Filter>
    <Filter Include="Object\Character\Enemy\Action\BossAction\Parameter\Attack\RotateSlash">
      <UniqueIdentifier>{2962414d-cdaa-4a11-96d9-9d5fc8c33ba3}</UniqueIdentifier>
    </Filter>
    <Filter Include="Object\Character\Enemy\Action\BossAction\Parameter\Attack\JumpAttack">
      <UniqueIdentifier>{fd5aab33-2677-44a6-b75e-d7dd8dc7a6be}</UniqueIdentifier>
    </Filter>
    <Filter Include="Object\Character\Enemy\Action\BossAction\Parameter\Attack\Slash2">
      <UniqueIdentifier>{3518019b-1e76-4a69-a73d-af72fc6bb9e3}</UniqueIdentifier>
    </Filter>
    <Filter Include="Object\Character\Enemy\Action\BossAction\Parameter\Attack\SlashCombo2">
      <UniqueIdentifier>{53cc1b3c-4a0d-4796-9b86-382d8384b1a1}</UniqueIdentifier>
    </Filter>
    <Filter Include="Object\Character\Enemy\Action\BossAction\Parameter\Attack\SlashCombo">
      <UniqueIdentifier>{35d46ff5-cd11-4367-82fd-b174df7ee1fe}</UniqueIdentifier>
    </Filter>
    <Filter Include="Object\Character\Enemy\Action\BossAction\Parameter\Idle">
      <UniqueIdentifier>{bd7ee7d4-9c06-4537-bdf7-08c003bd7564}</UniqueIdentifier>
    </Filter>
    <Filter Include="Object\Character\Enemy\Action\BossAction\Parameter\Roar">
      <UniqueIdentifier>{b03f66dc-71e6-460c-8701-768a8332d09c}</UniqueIdentifier>
    </Filter>
    <Filter Include="Object\Character\Enemy\Action\BossAction\Parameter\Death">
      <UniqueIdentifier>{49e4a844-95ed-4781-ba48-d47f4f734bbf}</UniqueIdentifier>
    </Filter>
    <Filter Include="Object\Character\Enemy\Action\BeastAction">
      <UniqueIdentifier>{991f373c-f725-4144-845c-d871e6092d3a}</UniqueIdentifier>
    </Filter>
    <Filter Include="Object\Character\Enemy\Boss">
      <UniqueIdentifier>{ddbbb79d-d2b4-4d17-9fad-3b0a486ade42}</UniqueIdentifier>
    </Filter>
    <Filter Include="Data\BehaviorTree">
      <UniqueIdentifier>{a00544e1-ccf0-44da-8097-1365dbc67331}</UniqueIdentifier>
    </Filter>
    <Filter Include="Data\BehaviorTree\Base">
      <UniqueIdentifier>{3281e791-880e-4a74-9716-baa2ee93fc92}</UniqueIdentifier>
    </Filter>
    <Filter Include="Data\BehaviorTree\Action">
      <UniqueIdentifier>{09dbb83e-003a-4a28-a233-ca5f0f7e565f}</UniqueIdentifier>
    </Filter>
    <Filter Include="Data\BehaviorTree\Composite">
      <UniqueIdentifier>{68c7bad5-806b-44ae-8f9b-ed72a40672dd}</UniqueIdentifier>
    </Filter>
    <Filter Include="Data\BehaviorTree\Decorator">
      <UniqueIdentifier>{16356267-1c80-49ff-9c0d-e2217be2a54c}</UniqueIdentifier>
    </Filter>
    <Filter Include="Data\BehaviorTree\Composite\Paralell">
      <UniqueIdentifier>{edacde03-d6da-4212-903c-f8399a48d50e}</UniqueIdentifier>
    </Filter>
    <Filter Include="Data\BehaviorTree\Composite\Selector">
      <UniqueIdentifier>{898a049e-ed91-4534-b805-121fdaaca7e6}</UniqueIdentifier>
    </Filter>
    <Filter Include="Data\BehaviorTree\Composite\Sequencer">
      <UniqueIdentifier>{bb22b743-e140-4029-8151-876e3fde1443}</UniqueIdentifier>
    </Filter>
    <Filter Include="Object\Character\Enemy\Action\BehaviorTree">
      <UniqueIdentifier>{1d4c6ed1-b41c-4d6e-83c5-ca7fff7afb98}</UniqueIdentifier>
    </Filter>
    <Filter Include="Object\Character\Enemy\Action\BehaviorTree\Beast">
      <UniqueIdentifier>{16bae204-29e5-4aa4-a4b7-8ffe2bf625f8}</UniqueIdentifier>
    </Filter>
    <Filter Include="Object\Character\Enemy\Action\BeastAction\1_DYING">
      <UniqueIdentifier>{09ffb293-5481-4dcf-a549-854713b9849c}</UniqueIdentifier>
    </Filter>
    <Filter Include="Object\Character\Enemy\Action\BeastAction\2_IDLE">
      <UniqueIdentifier>{c85c6ca7-cf09-43b2-acbb-f768728e7348}</UniqueIdentifier>
    </Filter>
    <Filter Include="Object\Character\Enemy\Action\BeastAction\4_Walk">
      <UniqueIdentifier>{96257a9c-a91f-455f-b121-2ebcaf6ba6a2}</UniqueIdentifier>
    </Filter>
    <Filter Include="Object\Character\Enemy\Action\BeastAction\5_Run">
      <UniqueIdentifier>{0ac721f3-7d05-4b3e-94be-259441acf2dc}</UniqueIdentifier>
    </Filter>
    <Filter Include="Object\Character\Enemy\Action\BeastAction\6_TurnLeft">
      <UniqueIdentifier>{9f262695-8fe7-4331-ab61-ddeac8d37725}</UniqueIdentifier>
    </Filter>
    <Filter Include="Object\Character\Enemy\Action\BeastAction\7_TurnRight">
      <UniqueIdentifier>{15807b9d-a864-496d-8096-a813d080d90c}</UniqueIdentifier>
    </Filter>
    <Filter Include="Object\Character\Enemy\Action\BeastAction\8_Down">
      <UniqueIdentifier>{9240fa1e-577d-4987-8a5c-52e2a512b8ce}</UniqueIdentifier>
    </Filter>
    <Filter Include="Object\Character\Enemy\Action\BeastAction\9_LongFrightening">
      <UniqueIdentifier>{f7b629fd-4980-4e34-aed2-e5ce935d80e0}</UniqueIdentifier>
    </Filter>
    <Filter Include="Object\Character\Enemy\Action\BeastAction\10_ShortFrightening">
      <UniqueIdentifier>{eefb592c-d70b-4e23-9b4f-97a7582d853a}</UniqueIdentifier>
    </Filter>
    <Filter Include="Object\Character\Enemy\Action\BeastAction\11_Rest">
      <UniqueIdentifier>{bb83cc23-295d-4dbf-aebf-10888555efc3}</UniqueIdentifier>
    </Filter>
    <Filter Include="Object\Character\Enemy\Action\BeastAction\12_StepBack">
      <UniqueIdentifier>{497495cd-7154-4e4c-8f61-b4d55f85e9a6}</UniqueIdentifier>
    </Filter>
    <Filter Include="Object\Character\Enemy\Action\BeastAction\13_RaiseLevel">
      <UniqueIdentifier>{c061654a-6873-4a71-8cb2-fe6bea57c6f0}</UniqueIdentifier>
    </Filter>
    <Filter Include="Object\Character\Enemy\Action\BeastAction\14_BackingBreath">
      <UniqueIdentifier>{cb98ff60-9e42-4a7a-95fc-56dd30ec2a3f}</UniqueIdentifier>
    </Filter>
    <Filter Include="Object\Character\Enemy\Action\BeastAction\15_Rush">
      <UniqueIdentifier>{dbc569c3-ef1c-4376-aebb-bbe2a1fd44e5}</UniqueIdentifier>
    </Filter>
    <Filter Include="Object\Character\Enemy\Action\BeastAction\16_ChargeRightFootAttack">
      <UniqueIdentifier>{8f04dc72-08e0-4781-8244-1d72a110019c}</UniqueIdentifier>
    </Filter>
    <Filter Include="Object\Character\Enemy\Action\BeastAction\17_ChargeBothFootAttack">
      <UniqueIdentifier>{7d612236-bd2f-40eb-8fe4-037762917d74}</UniqueIdentifier>
    </Filter>
    <Filter Include="Object\Character\Enemy\Action\BeastAction\18_Breath">
      <UniqueIdentifier>{7254a403-7284-45bb-b14a-c9474f57ae2b}</UniqueIdentifier>
    </Filter>
    <Filter Include="Object\Character\Enemy\Action\BeastAction\19_SuperNova">
      <UniqueIdentifier>{a7a08804-c1e9-4b02-86c3-5644c0e43c8e}</UniqueIdentifier>
    </Filter>
    <Filter Include="Object\Character\Enemy\Action\BeastAction\20_WeakBreath">
      <UniqueIdentifier>{04efc481-775b-4670-afa4-c006378529ef}</UniqueIdentifier>
    </Filter>
    <Filter Include="Object\Character\Enemy\Action\BeastAction\21_SmallExplosion">
      <UniqueIdentifier>{bc909dc0-c295-459c-96ac-ea20101b033d}</UniqueIdentifier>
    </Filter>
    <Filter Include="Object\Character\Enemy\Action\BeastAction\22_RightFootAttack">
      <UniqueIdentifier>{c8621dbc-3df4-4842-9c28-907a0e1114a5}</UniqueIdentifier>
    </Filter>
    <Filter Include="Object\Character\Enemy\Action\BeastAction\23_RightFootAndRotAttack">
      <UniqueIdentifier>{13ff5f71-ed08-45c5-97fb-5cf2da1503ad}</UniqueIdentifier>
    </Filter>
    <Filter Include="Object\Character\Enemy\Action\BeastAction\23_FootComboAttack">
      <UniqueIdentifier>{f9167d10-0be2-46f9-8df5-f4e067434577}</UniqueIdentifier>
    </Filter>
    <Filter Include="Object\Character\Enemy\Action\BeastAction\3_Roar">
      <UniqueIdentifier>{67d0f528-ef90-46d0-a083-54cb14797f51}</UniqueIdentifier>
    </Filter>
    <Filter Include="Object\Character\Enemy\Action\BehaviorTree\Beast\Parts">
      <UniqueIdentifier>{7c754be3-4bb9-40bf-8c91-89c2566b70a4}</UniqueIdentifier>
    </Filter>
    <Filter Include="Data\BehaviorTree\ExecuteAll">
      <UniqueIdentifier>{31383ffa-93d9-4148-8aa4-838cfa9fd7fc}</UniqueIdentifier>
    </Filter>
    <Filter Include="Data\BehaviorTree\Condition">
      <UniqueIdentifier>{6123cf44-d5cb-4a41-a69a-2770836f591a}</UniqueIdentifier>
    </Filter>
    <Filter Include="Object\Character\Enemy\Action\BehaviorTree\Beast\Parts\CheckDown">
      <UniqueIdentifier>{bef90030-7b0d-48ed-abf4-12bdfc912f5a}</UniqueIdentifier>
    </Filter>
    <Filter Include="Object\Character\Enemy\Action\BehaviorTree\Beast\Parts\CheckDying">
      <UniqueIdentifier>{3efd22df-0610-46c0-964e-17be79613763}</UniqueIdentifier>
    </Filter>
    <Filter Include="Object\Character\Enemy\Action\BehaviorTree\Beast\Parts\CheckAngry">
      <UniqueIdentifier>{c27137ab-473e-4152-a298-7c728a10328c}</UniqueIdentifier>
    </Filter>
    <Filter Include="Object\Character\Enemy\Action\BehaviorTree\Beast\Parts\CheckWalk">
      <UniqueIdentifier>{3b516474-a866-478b-a4d5-493da50c5a53}</UniqueIdentifier>
    </Filter>
    <Filter Include="Scene\Type\Select">
      <UniqueIdentifier>{bb1d5038-6afb-4f9c-abc7-95e2578a1db6}</UniqueIdentifier>
    </Filter>
    <Filter Include="Effect\Boss\Roar">
      <UniqueIdentifier>{2915843b-06bd-4687-a3c2-93c7cab93231}</UniqueIdentifier>
    </Filter>
    <Filter Include="Object\Character\Enemy\Action\BehaviorTree\Beast\Parts\CheckRush">
      <UniqueIdentifier>{f23d45b0-3a8a-4345-bc4b-cef75d811d99}</UniqueIdentifier>
    </Filter>
    <Filter Include="Object\Character\Enemy\Action\BehaviorTree\Beast\Parts\CalcTargetDistance">
      <UniqueIdentifier>{8af9bd69-f913-4bd5-815b-4eada3ff86c2}</UniqueIdentifier>
    </Filter>
    <Filter Include="Object\Character\Enemy\Action\BehaviorTree\Beast\Parts\CheckMoreFar">
      <UniqueIdentifier>{da4d8cb4-b683-4697-aedc-c8f5d1c35021}</UniqueIdentifier>
    </Filter>
    <Filter Include="Object\Character\Enemy\Action\BehaviorTree\Beast\Parts\CheckSuperNova">
      <UniqueIdentifier>{64a427ae-ad4f-4bdb-911b-a0f3f01a3522}</UniqueIdentifier>
    </Filter>
    <Filter Include="Object\Character\Enemy\Action\BehaviorTree\Beast\Parts\CheckSpecial">
      <UniqueIdentifier>{6d43b7ee-baa8-4bce-92e1-1f2bc3c9af13}</UniqueIdentifier>
    </Filter>
    <Filter Include="Object\Character\Enemy\Action\BehaviorTree\Beast\Parts\CheckRaiseLevel">
      <UniqueIdentifier>{4006848a-9779-4397-a7b5-7568382ef2ce}</UniqueIdentifier>
    </Filter>
    <Filter Include="Object\Character\Enemy\Action\BehaviorTree\Beast\Parts\CheckChargeBothAttack">
      <UniqueIdentifier>{8adde360-71ce-4d74-b5c8-02266f5717ca}</UniqueIdentifier>
    </Filter>
    <Filter Include="Object\Character\Enemy\Action\BehaviorTree\Beast\Parts\CheckChargeRightAttack">
      <UniqueIdentifier>{fa4fb10b-3c8a-4b90-9f77-0f74ff83010d}</UniqueIdentifier>
    </Filter>
    <Filter Include="Object\Character\Enemy\Action\BehaviorTree\Beast\Parts\CheckRightAttack">
      <UniqueIdentifier>{54af07d7-716b-42be-bbc2-1a88b2271bfa}</UniqueIdentifier>
    </Filter>
    <Filter Include="Object\Character\Enemy\Action\BehaviorTree\Beast\Parts\CheckCombo1Attack">
      <UniqueIdentifier>{1c4e80f5-1d15-4525-8f39-c4f81188b0dc}</UniqueIdentifier>
    </Filter>
    <Filter Include="Object\Character\Enemy\Action\BehaviorTree\Beast\Parts\CheckCombo2Attack">
      <UniqueIdentifier>{493d281f-9e28-4d0b-9db5-d37c0b420ccd}</UniqueIdentifier>
    </Filter>
    <Filter Include="Data\Blackboard">
      <UniqueIdentifier>{4c4937fc-cb1c-4d7e-8e1c-8b6b62082d38}</UniqueIdentifier>
    </Filter>
    <Filter Include="Data\StateMachine">
      <UniqueIdentifier>{3d037a7b-698b-4cd7-84b7-de3949996c09}</UniqueIdentifier>
    </Filter>
    <Filter Include="Data\StateMachine\State">
      <UniqueIdentifier>{6c6f6c00-3323-464b-ae1d-4abd03c864c3}</UniqueIdentifier>
    </Filter>
  </ItemGroup>
  <ItemGroup>
    <ClCompile Include="FPSController.cpp">
      <Filter>Other\FPSController</Filter>
    </ClCompile>
    <ClCompile Include="ScreenSetup.cpp">
      <Filter>Other\ScreenSetup</Filter>
    </ClCompile>
    <ClCompile Include="Main.cpp" />
    <ClCompile Include="LoadingAsset.cpp">
      <Filter>Other\LoadingAsset</Filter>
    </ClCompile>
    <ClCompile Include="Transform.cpp">
      <Filter>Data\Transform</Filter>
    </ClCompile>
    <ClCompile Include="Singleton.cpp">
      <Filter>Data\Singleton</Filter>
    </ClCompile>
    <ClCompile Include="SceneManager.cpp">
      <Filter>Scene\Manager</Filter>
    </ClCompile>
    <ClCompile Include="SceneChanger.cpp">
      <Filter>Scene\Changer</Filter>
    </ClCompile>
    <ClCompile Include="GameScene.cpp">
      <Filter>Scene\Type\Game</Filter>
    </ClCompile>
    <ClCompile Include="LoadScene.cpp">
      <Filter>Scene\Type\Load</Filter>
    </ClCompile>
    <ClCompile Include="SceneBase.cpp">
      <Filter>Scene\Type\Base</Filter>
    </ClCompile>
    <ClCompile Include="JsonLoader.cpp">
      <Filter>Json\Loader</Filter>
    </ClCompile>
    <ClCompile Include="JsonManager.cpp">
      <Filter>Json\Manager</Filter>
    </ClCompile>
    <ClCompile Include="BossMap.cpp">
      <Filter>Object\Map\BossMap</Filter>
    </ClCompile>
    <ClCompile Include="Camera.cpp">
      <Filter>Object\Camera</Filter>
    </ClCompile>
    <ClCompile Include="CameraManager.cpp">
      <Filter>Object\Camera\Manager</Filter>
    </ClCompile>
    <ClCompile Include="VECTORtoUseful.cpp">
      <Filter>Data\VECTORtoUseful</Filter>
    </ClCompile>
    <ClCompile Include="MapManager.cpp">
      <Filter>Object\Map\Manager</Filter>
    </ClCompile>
    <ClCompile Include="Debug.cpp">
      <Filter>Debug</Filter>
    </ClCompile>
    <ClCompile Include="InputManager.cpp">
      <Filter>InputManager</Filter>
    </ClCompile>
    <ClCompile Include="Skydome.cpp">
      <Filter>Object\Map\Skydome</Filter>
    </ClCompile>
    <ClCompile Include="Player.cpp">
      <Filter>Object\Character\Player</Filter>
    </ClCompile>
    <ClCompile Include="PlayerManager.cpp">
      <Filter>Object\Character\PlayerManager</Filter>
    </ClCompile>
    <ClCompile Include="BitFlag.cpp">
      <Filter>Data\BitFlag</Filter>
    </ClCompile>
    <ClCompile Include="Animation.cpp">
      <Filter>Animation</Filter>
    </ClCompile>
    <ClCompile Include="EnemyManager.cpp">
      <Filter>Object\Character\Enemy\EnemyManager</Filter>
    </ClCompile>
    <ClCompile Include="HPUI.cpp">
      <Filter>UI\HPUI</Filter>
    </ClCompile>
    <ClCompile Include="UIManager.cpp">
      <Filter>UI\Manager</Filter>
    </ClCompile>
    <ClCompile Include="ButtonUI.cpp">
      <Filter>UI\ButtonUI</Filter>
    </ClCompile>
    <ClCompile Include="Rigidbody.cpp">
      <Filter>Collision\Rigidbody</Filter>
    </ClCompile>
    <ClCompile Include="CollisionManager.cpp">
      <Filter>Collision\Manager</Filter>
    </ClCompile>
    <ClCompile Include="SphereColliderData.cpp">
      <Filter>Collision\ColliderData</Filter>
    </ClCompile>
    <ClCompile Include="CapsuleColliderData.cpp">
      <Filter>Collision\ColliderData</Filter>
    </ClCompile>
    <ClCompile Include="PlaneColliderData.cpp">
      <Filter>Collision\ColliderData</Filter>
    </ClCompile>
    <ClCompile Include="PlayerAttackManager.cpp">
      <Filter>Object\Attack\Manager</Filter>
    </ClCompile>
    <ClCompile Include="PlayerAttack.cpp">
      <Filter>Object\Attack\Manager\Type\Player</Filter>
    </ClCompile>
    <ClCompile Include="EffectManager.cpp">
      <Filter>Effect</Filter>
    </ClCompile>
    <ClCompile Include="Effect.cpp">
      <Filter>Effect</Filter>
    </ClCompile>
    <ClCompile Include="BossAction.cpp">
      <Filter>Object\Character\Enemy\Action\BossAction</Filter>
    </ClCompile>
    <ClCompile Include="BossChaseAction.cpp">
      <Filter>Object\Character\Enemy\Action\BossAction\Parameter\Chase</Filter>
    </ClCompile>
    <ClCompile Include="ColliderData.cpp">
      <Filter>Collision\ColliderData</Filter>
    </ClCompile>
    <ClCompile Include="CharacterColliderData.cpp">
      <Filter>Collision\ColliderData</Filter>
    </ClCompile>
    <ClCompile Include="AttackCapsuleColliderData.cpp">
      <Filter>Collision\ColliderData</Filter>
    </ClCompile>
    <ClCompile Include="AttackSphereColliderData.cpp">
      <Filter>Collision\ColliderData</Filter>
    </ClCompile>
    <ClCompile Include="AttackData.cpp">
      <Filter>Collision\AttackData</Filter>
    </ClCompile>
    <ClCompile Include="CharacterData.cpp">
      <Filter>Collision\CharacterData</Filter>
    </ClCompile>
    <ClCompile Include="Character.cpp">
      <Filter>Object\Character</Filter>
    </ClCompile>
    <ClCompile Include="BossData.cpp">
      <Filter>Collision\CharacterData\Enemy</Filter>
    </ClCompile>
    <ClCompile Include="PlayerData.cpp">
      <Filter>Collision\CharacterData\Player</Filter>
    </ClCompile>
    <ClCompile Include="BossAttackData.cpp">
      <Filter>Collision\AttackData</Filter>
    </ClCompile>
    <ClCompile Include="PlayerAttackData.cpp">
      <Filter>Collision\AttackData</Filter>
    </ClCompile>
    <ClCompile Include="ActionParameter.cpp">
      <Filter>Object\Character\Enemy\Action\BossAction\Parameter</Filter>
    </ClCompile>
    <ClCompile Include="BossRestAction.cpp">
      <Filter>Object\Character\Enemy\Action\BossAction\Parameter\Rest</Filter>
    </ClCompile>
    <ClCompile Include="BossJumpAttack.cpp">
      <Filter>Object\Character\Enemy\Action\BossAction\Attack\JumpAttack</Filter>
    </ClCompile>
    <ClCompile Include="BossSlash2Attack.cpp">
      <Filter>Object\Character\Enemy\Action\BossAction\Attack\Slash2</Filter>
    </ClCompile>
    <ClCompile Include="BossStabAttack.cpp">
      <Filter>Object\Character\Enemy\Action\BossAction\Attack\StabAttack</Filter>
    </ClCompile>
    <ClCompile Include="BossRotateSlashAttack.cpp">
      <Filter>Object\Character\Enemy\Action\BossAction\Attack\RotateSlash</Filter>
    </ClCompile>
    <ClCompile Include="BossSlashAttack.cpp">
      <Filter>Object\Character\Enemy\Action\BossAction\Attack\SlashAttack</Filter>
    </ClCompile>
    <ClCompile Include="BossAttack.cpp">
      <Filter>Object\Character\Enemy\Action\BossAction\Attack</Filter>
    </ClCompile>
    <ClCompile Include="BossDeathAction.cpp">
      <Filter>Object\Character\Enemy\Action\BossAction\Parameter\Death</Filter>
    </ClCompile>
    <ClCompile Include="BossIdleAction.cpp">
      <Filter>Object\Character\Enemy\Action\BossAction\Parameter\Idle</Filter>
    </ClCompile>
    <ClCompile Include="BossRoarAction.cpp">
      <Filter>Object\Character\Enemy\Action\BossAction\Parameter\Roar</Filter>
    </ClCompile>
    <ClCompile Include="HitStopManager.cpp">
      <Filter>HitStopManager</Filter>
    </ClCompile>
    <ClCompile Include="Image.cpp">
      <Filter>UI\Scene\Image</Filter>
    </ClCompile>
    <ClCompile Include="TitleScene.cpp">
      <Filter>Scene\Type\Title</Filter>
    </ClCompile>
    <ClCompile Include="GameClearScene.cpp">
      <Filter>Scene\Type\GameClear</Filter>
    </ClCompile>
    <ClCompile Include="SelectScene.cpp">
      <Filter>Scene\Type\Select</Filter>
    </ClCompile>
    <ClCompile Include="GameUI.cpp">
      <Filter>UI\Scene\Game</Filter>
    </ClCompile>
    <ClCompile Include="SceneUI.cpp">
      <Filter>UI\Scene\Base</Filter>
    </ClCompile>
    <ClCompile Include="TitleUI.cpp">
      <Filter>UI\Scene\Title</Filter>
    </ClCompile>
    <ClCompile Include="SelectUI.cpp">
      <Filter>UI\Scene\Select</Filter>
    </ClCompile>
    <ClCompile Include="GameOverUI.cpp">
      <Filter>UI\Scene\GameOver</Filter>
    </ClCompile>
    <ClCompile Include="GameClearUI.cpp">
      <Filter>UI\Scene\GameClear</Filter>
    </ClCompile>
    <ClCompile Include="GameOverScene.cpp">
      <Filter>Scene\Type\GameOver</Filter>
    </ClCompile>
    <ClCompile Include="BossNameUI.cpp">
      <Filter>UI\BossNameUI</Filter>
    </ClCompile>
    <ClCompile Include="HitStop.cpp">
      <Filter>HitStopManager</Filter>
    </ClCompile>
    <ClCompile Include="BossJumpAttackAction.cpp">
      <Filter>Object\Character\Enemy\Action\BossAction\Parameter\Attack\JumpAttack</Filter>
    </ClCompile>
    <ClCompile Include="BossSlash2Action.cpp">
      <Filter>Object\Character\Enemy\Action\BossAction\Parameter\Attack\Slash2</Filter>
    </ClCompile>
    <ClCompile Include="BossRotateSlashAction.cpp">
      <Filter>Object\Character\Enemy\Action\BossAction\Parameter\Attack\RotateSlash</Filter>
    </ClCompile>
    <ClCompile Include="BossSlashAction.cpp">
      <Filter>Object\Character\Enemy\Action\BossAction\Parameter\Attack\Slash</Filter>
    </ClCompile>
    <ClCompile Include="BossStabAction.cpp">
      <Filter>Object\Character\Enemy\Action\BossAction\Parameter\Attack\Stab</Filter>
    </ClCompile>
    <ClCompile Include="BossSlashComboAttack.cpp">
      <Filter>Object\Character\Enemy\Action\BossAction\Attack\SlashCombo</Filter>
    </ClCompile>
    <ClCompile Include="BossPunchAttack.cpp">
      <Filter>Object\Character\Enemy\Action\BossAction\Attack\Punch</Filter>
    </ClCompile>
    <ClCompile Include="BossSlashCombo2Attack.cpp">
      <Filter>Object\Character\Enemy\Action\BossAction\Attack\SlashCombo2</Filter>
    </ClCompile>
    <ClCompile Include="BossSlashCombo2Action.cpp">
      <Filter>Object\Character\Enemy\Action\BossAction\Parameter\Attack\SlashCombo2</Filter>
    </ClCompile>
    <ClCompile Include="BossPunchAction.cpp">
      <Filter>Object\Character\Enemy\Action\BossAction\Parameter\Attack\Punch</Filter>
    </ClCompile>
    <ClCompile Include="BossSlashComboAction.cpp">
      <Filter>Object\Character\Enemy\Action\BossAction\Parameter\Attack\SlashCombo</Filter>
    </ClCompile>
    <ClCompile Include="Shadow.cpp">
      <Filter>Shadow</Filter>
    </ClCompile>
    <ClCompile Include="BossImpactEffect.cpp">
      <Filter>Effect\Boss\Impact</Filter>
    </ClCompile>
    <ClCompile Include="PlayerGuardHitEffect.cpp">
      <Filter>Effect\Player\GuardHit</Filter>
    </ClCompile>
    <ClCompile Include="PlayerHealEffect.cpp">
      <Filter>Effect\Player\Heal</Filter>
    </ClCompile>
    <ClCompile Include="PlayerImpactEffect.cpp">
      <Filter>Effect\Player\Attack</Filter>
    </ClCompile>
    <ClCompile Include="Audience.cpp">
      <Filter>UI\Audience</Filter>
    </ClCompile>
    <ClCompile Include="Timer.cpp">
      <Filter>Timer</Filter>
    </ClCompile>
    <ClCompile Include="PlayerChargeAttackEffect.cpp">
      <Filter>Effect\Player\ChargeAttack</Filter>
    </ClCompile>
    <ClCompile Include="ModelColliderData.cpp">
      <Filter>Collision\ColliderData</Filter>
    </ClCompile>
    <ClCompile Include="EnemyChanger.cpp">
      <Filter>Object\Character\Enemy\EnemyChanger</Filter>
    </ClCompile>
    <ClCompile Include="Beast.cpp">
      <Filter>Object\Character\Enemy\beast</Filter>
    </ClCompile>
    <ClCompile Include="Dragon.cpp">
      <Filter>Object\Character\Enemy\dragon</Filter>
    </ClCompile>
    <ClCompile Include="PlayerController.cpp">
      <Filter>Object\Character\Player\PlayerController</Filter>
    </ClCompile>
    <ClCompile Include="PlayerIdle.cpp">
      <Filter>Object\Character\Player\PlayerAction\A_Idle</Filter>
    </ClCompile>
    <ClCompile Include="PlayerAction.cpp">
      <Filter>Object\Character\Player\PlayerAction</Filter>
    </ClCompile>
    <ClCompile Include="PlayerWalk.cpp">
      <Filter>Object\Character\Player\PlayerAction\L_Walk</Filter>
    </ClCompile>
    <ClCompile Include="PlayerRun.cpp">
      <Filter>Object\Character\Player\PlayerAction\J_Run</Filter>
    </ClCompile>
    <ClCompile Include="PlayerDeath.cpp">
      <Filter>Object\Character\Player\PlayerAction\C_Death</Filter>
    </ClCompile>
    <ClCompile Include="PlayerBlock.cpp">
      <Filter>Object\Character\Player\PlayerAction\D_Block</Filter>
    </ClCompile>
    <ClCompile Include="PlayerAvoid.cpp">
      <Filter>Object\Character\Player\PlayerAction\B_Avoid</Filter>
    </ClCompile>
    <ClCompile Include="PlayerHeal.cpp">
      <Filter>Object\Character\Player\PlayerAction\I_Heal</Filter>
    </ClCompile>
    <ClCompile Include="PlayerStagger.cpp">
      <Filter>Object\Character\Player\PlayerAction\E_Stagger</Filter>
    </ClCompile>
    <ClCompile Include="PlayerBlockStagger.cpp">
      <Filter>Object\Character\Player\PlayerAction\F_BlockStagger</Filter>
    </ClCompile>
    <ClCompile Include="PlayerKnockdown.cpp">
      <Filter>Object\Character\Player\PlayerAction\G_Knockdown</Filter>
    </ClCompile>
    <ClCompile Include="PlayerRunOutOfStamina.cpp">
      <Filter>Object\Character\Player\PlayerAction\K_RUN_OUT_OF_STAMINA</Filter>
    </ClCompile>
    <ClCompile Include="PlayerCombo1.cpp">
      <Filter>Object\Character\Player\PlayerAction\M_Combo1</Filter>
    </ClCompile>
    <ClCompile Include="PlayerCombo2.cpp">
      <Filter>Object\Character\Player\PlayerAction\N_Combo2</Filter>
    </ClCompile>
    <ClCompile Include="PlayerCombo3.cpp">
      <Filter>Object\Character\Player\PlayerAction\O_Combo3</Filter>
    </ClCompile>
    <ClCompile Include="PlayerStrongAttack.cpp">
      <Filter>Object\Character\Player\PlayerAction\P_StrongAttack</Filter>
    </ClCompile>
    <ClCompile Include="PlayerKnockup.cpp">
      <Filter>Object\Character\Player\PlayerAction\H_KnockUp</Filter>
    </ClCompile>
    <ClCompile Include="Boss.cpp">
      <Filter>Object\Character\Enemy\Boss</Filter>
    </ClCompile>
    <ClCompile Include="BehaviorTreeNode.cpp">
      <Filter>Data\BehaviorTree\Base</Filter>
    </ClCompile>
    <ClCompile Include="ActionNode.cpp">
      <Filter>Data\BehaviorTree\Action</Filter>
    </ClCompile>
    <ClCompile Include="CompositeNode.cpp">
      <Filter>Data\BehaviorTree\Composite</Filter>
    </ClCompile>
    <ClCompile Include="DecoratorNode.cpp">
      <Filter>Data\BehaviorTree\Decorator</Filter>
    </ClCompile>
    <ClCompile Include="ParalellNode.cpp">
      <Filter>Data\BehaviorTree\Composite\Paralell</Filter>
    </ClCompile>
    <ClCompile Include="SelectorNode.cpp">
      <Filter>Data\BehaviorTree\Composite\Selector</Filter>
    </ClCompile>
    <ClCompile Include="SequencerNode.cpp">
      <Filter>Data\BehaviorTree\Composite\Sequencer</Filter>
    </ClCompile>
    <ClCompile Include="ConditionNode.cpp">
      <Filter>Data\BehaviorTree\Condition</Filter>
    </ClCompile>
    <ClCompile Include="BeastBehaviorTree.cpp">
      <Filter>Object\Character\Enemy\Action\BehaviorTree\Beast</Filter>
    </ClCompile>
    <ClCompile Include="Beast_Dying.cpp">
      <Filter>Object\Character\Enemy\Action\BeastAction\1_DYING</Filter>
    </ClCompile>
    <ClCompile Include="Beast_Idle.cpp">
      <Filter>Object\Character\Enemy\Action\BeastAction\2_IDLE</Filter>
    </ClCompile>
    <ClCompile Include="Beast_Roar.cpp">
      <Filter>Object\Character\Enemy\Action\BeastAction\3_Roar</Filter>
    </ClCompile>
    <ClCompile Include="Beast_Walk.cpp">
      <Filter>Object\Character\Enemy\Action\BeastAction\4_Walk</Filter>
    </ClCompile>
    <ClCompile Include="Enemy.cpp">
      <Filter>Object\Character\Enemy</Filter>
    </ClCompile>
    <ClCompile Include="ExecuteAllNode.cpp">
      <Filter>Data\BehaviorTree\ExecuteAll</Filter>
    </ClCompile>
    <ClCompile Include="CheckDownCondition.cpp">
      <Filter>Object\Character\Enemy\Action\BehaviorTree\Beast\Parts\CheckDown</Filter>
    </ClCompile>
    <ClCompile Include="CheckDyingCondition.cpp">
      <Filter>Object\Character\Enemy\Action\BehaviorTree\Beast\Parts\CheckDying</Filter>
    </ClCompile>
    <ClCompile Include="CheckAngryCondition.cpp">
      <Filter>Object\Character\Enemy\Action\BehaviorTree\Beast\Parts\CheckAngry</Filter>
    </ClCompile>
    <ClCompile Include="CheckWalkCondition.cpp">
      <Filter>Object\Character\Enemy\Action\BehaviorTree\Beast\Parts\CheckWalk</Filter>
    </ClCompile>
    <ClCompile Include="CheckRushCondition.cpp">
      <Filter>Object\Character\Enemy\Action\BehaviorTree\Beast\Parts\CheckRush</Filter>
    </ClCompile>
    <ClCompile Include="Beast_Run.cpp">
      <Filter>Object\Character\Enemy\Action\BeastAction\5_Run</Filter>
    </ClCompile>
    <ClCompile Include="Beast_TurnLeft.cpp">
      <Filter>Object\Character\Enemy\Action\BeastAction\6_TurnLeft</Filter>
    </ClCompile>
    <ClCompile Include="Beast_TurnRight.cpp">
      <Filter>Object\Character\Enemy\Action\BeastAction\7_TurnRight</Filter>
    </ClCompile>
    <ClCompile Include="Beast_Down.cpp">
      <Filter>Object\Character\Enemy\Action\BeastAction\8_Down</Filter>
    </ClCompile>
    <ClCompile Include="Beast_LongFrightening.cpp">
      <Filter>Object\Character\Enemy\Action\BeastAction\9_LongFrightening</Filter>
    </ClCompile>
    <ClCompile Include="Beast_ShortFrightening.cpp">
      <Filter>Object\Character\Enemy\Action\BeastAction\10_ShortFrightening</Filter>
    </ClCompile>
    <ClCompile Include="Beast_Rest.cpp">
      <Filter>Object\Character\Enemy\Action\BeastAction\11_Rest</Filter>
    </ClCompile>
    <ClCompile Include="Beast_StepBack.cpp">
      <Filter>Object\Character\Enemy\Action\BeastAction\12_StepBack</Filter>
    </ClCompile>
    <ClCompile Include="Beast_RaiseLevel.cpp">
      <Filter>Object\Character\Enemy\Action\BeastAction\13_RaiseLevel</Filter>
    </ClCompile>
    <ClCompile Include="Beast_BackingBreath.cpp">
      <Filter>Object\Character\Enemy\Action\BeastAction\14_BackingBreath</Filter>
    </ClCompile>
    <ClCompile Include="Beast_Rush.cpp">
      <Filter>Object\Character\Enemy\Action\BeastAction\15_Rush</Filter>
    </ClCompile>
    <ClCompile Include="Beast_ChargeRightFootAttack.cpp">
      <Filter>Object\Character\Enemy\Action\BeastAction\16_ChargeRightFootAttack</Filter>
    </ClCompile>
    <ClCompile Include="Beast_ChargeBothFootAttack.cpp">
      <Filter>Object\Character\Enemy\Action\BeastAction\17_ChargeBothFootAttack</Filter>
    </ClCompile>
    <ClCompile Include="Beast_Breath.cpp">
      <Filter>Object\Character\Enemy\Action\BeastAction\18_Breath</Filter>
    </ClCompile>
    <ClCompile Include="Beast_SuperNova.cpp">
      <Filter>Object\Character\Enemy\Action\BeastAction\19_SuperNova</Filter>
    </ClCompile>
    <ClCompile Include="Beast_WeakBreath.cpp">
      <Filter>Object\Character\Enemy\Action\BeastAction\20_WeakBreath</Filter>
    </ClCompile>
    <ClCompile Include="Beast_SmallExplosion.cpp">
      <Filter>Object\Character\Enemy\Action\BeastAction\21_SmallExplosion</Filter>
    </ClCompile>
    <ClCompile Include="Beast_RightFootAttack.cpp">
      <Filter>Object\Character\Enemy\Action\BeastAction\22_RightFootAttack</Filter>
    </ClCompile>
    <ClCompile Include="Beast_FootComboAttack.cpp">
      <Filter>Object\Character\Enemy\Action\BeastAction\23_FootComboAttack</Filter>
    </ClCompile>
    <ClCompile Include="Beast_RightFootAndRotAttack.cpp">
      <Filter>Object\Character\Enemy\Action\BeastAction\23_RightFootAndRotAttack</Filter>
    </ClCompile>
    <ClCompile Include="BossRoarEffect.cpp">
      <Filter>Effect\Boss\Roar</Filter>
    </ClCompile>
    <ClCompile Include="Beast_CalcToTargetDistance.cpp">
      <Filter>Object\Character\Enemy\Action\BehaviorTree\Beast\Parts\CalcTargetDistance</Filter>
    </ClCompile>
    <ClCompile Include="CheckMoreFarCondition.cpp">
      <Filter>Object\Character\Enemy\Action\BehaviorTree\Beast\Parts\CheckMoreFar</Filter>
    </ClCompile>
    <ClCompile Include="CheckSpecialNodeCondition.cpp">
      <Filter>Object\Character\Enemy\Action\BehaviorTree\Beast\Parts\CheckSpecial</Filter>
    </ClCompile>
    <ClCompile Include="CheckSuperNovaCondition.cpp">
      <Filter>Object\Character\Enemy\Action\BehaviorTree\Beast\Parts\CheckSuperNova</Filter>
    </ClCompile>
    <ClCompile Include="CheckRaiseLevelCondition.cpp">
      <Filter>Object\Character\Enemy\Action\BehaviorTree\Beast\Parts\CheckRaiseLevel</Filter>
    </ClCompile>
    <ClCompile Include="CheckCombo1AttackCondition.cpp">
      <Filter>Object\Character\Enemy\Action\BehaviorTree\Beast\Parts\CheckCombo1Attack</Filter>
    </ClCompile>
    <ClCompile Include="CheckCombo2AttackCondition.cpp">
      <Filter>Object\Character\Enemy\Action\BehaviorTree\Beast\Parts\CheckCombo2Attack</Filter>
    </ClCompile>
    <ClCompile Include="CheckChargeRightAttackCondition.cpp">
      <Filter>Object\Character\Enemy\Action\BehaviorTree\Beast\Parts\CheckChargeRightAttack</Filter>
    </ClCompile>
    <ClCompile Include="CheckRightAttackCondition.cpp">
      <Filter>Object\Character\Enemy\Action\BehaviorTree\Beast\Parts\CheckRightAttack</Filter>
    </ClCompile>
    <ClCompile Include="CheckChargeBothAttackCondition.cpp">
      <Filter>Object\Character\Enemy\Action\BehaviorTree\Beast\Parts\CheckChargeBothAttack</Filter>
    </ClCompile>
    <ClCompile Include="State.cpp">
      <Filter>Data\StateMachine\State</Filter>
    </ClCompile>
    <ClCompile Include="Blackboard.cpp">
      <Filter>Data\Blackboard</Filter>
    </ClCompile>
    <ClCompile Include="StateMachine.cpp">
      <Filter>Data\StateMachine</Filter>
    </ClCompile>
  </ItemGroup>
  <ItemGroup>
    <ClInclude Include="FPSController.h">
      <Filter>Other\FPSController</Filter>
    </ClInclude>
    <ClInclude Include="ScreenSetup.h">
      <Filter>Other\ScreenSetup</Filter>
    </ClInclude>
    <ClInclude Include="LoadingAsset.h">
      <Filter>Other\LoadingAsset</Filter>
    </ClInclude>
    <ClInclude Include="Transform.h">
      <Filter>Data\Transform</Filter>
    </ClInclude>
    <ClInclude Include="UseMath.h">
      <Filter>Data\HeaderFile</Filter>
    </ClInclude>
    <ClInclude Include="UseJson.h">
      <Filter>Data\HeaderFile</Filter>
    </ClInclude>
    <ClInclude Include="UseSTL.h">
      <Filter>Data\HeaderFile</Filter>
    </ClInclude>
    <ClInclude Include="Singleton.h">
      <Filter>Data\Singleton</Filter>
    </ClInclude>
    <ClInclude Include="SceneManager.h">
      <Filter>Scene\Manager</Filter>
    </ClInclude>
    <ClInclude Include="SceneChanger.h">
      <Filter>Scene\Changer</Filter>
    </ClInclude>
    <ClInclude Include="GameScene.h">
      <Filter>Scene\Type\Game</Filter>
    </ClInclude>
    <ClInclude Include="LoadScene.h">
      <Filter>Scene\Type\Load</Filter>
    </ClInclude>
    <ClInclude Include="SceneBase.h">
      <Filter>Scene\Type\Base</Filter>
    </ClInclude>
    <ClInclude Include="JsonLoader.h">
      <Filter>Json\Loader</Filter>
    </ClInclude>
    <ClInclude Include="JsonManager.h">
      <Filter>Json\Manager</Filter>
    </ClInclude>
    <ClInclude Include="BossMap.h">
      <Filter>Object\Map\BossMap</Filter>
    </ClInclude>
    <ClInclude Include="Camera.h">
      <Filter>Object\Camera</Filter>
    </ClInclude>
    <ClInclude Include="CameraManager.h">
      <Filter>Object\Camera\Manager</Filter>
    </ClInclude>
    <ClInclude Include="DeleteInstance.h">
      <Filter>Data\HeaderFile</Filter>
    </ClInclude>
    <ClInclude Include="VECTORtoUseful.h">
      <Filter>Data\VECTORtoUseful</Filter>
    </ClInclude>
    <ClInclude Include="MapManager.h">
      <Filter>Object\Map\Manager</Filter>
    </ClInclude>
    <ClInclude Include="Debug.h">
      <Filter>Debug</Filter>
    </ClInclude>
    <ClInclude Include="InputManager.h">
      <Filter>InputManager</Filter>
    </ClInclude>
    <ClInclude Include="Skydome.h">
      <Filter>Object\Map\Skydome</Filter>
    </ClInclude>
    <ClInclude Include="Player.h">
      <Filter>Object\Character\Player</Filter>
    </ClInclude>
    <ClInclude Include="PlayerManager.h">
      <Filter>Object\Character\PlayerManager</Filter>
    </ClInclude>
    <ClInclude Include="BitFlag.h">
      <Filter>Data\BitFlag</Filter>
    </ClInclude>
    <ClInclude Include="Animation.h">
      <Filter>Animation</Filter>
    </ClInclude>
    <ClInclude Include="resource.h">
      <Filter>Scene</Filter>
    </ClInclude>
    <ClInclude Include="EnemyManager.h">
      <Filter>Object\Character\Enemy\EnemyManager</Filter>
    </ClInclude>
    <ClInclude Include="HPUI.h">
      <Filter>UI\HPUI</Filter>
    </ClInclude>
    <ClInclude Include="UIManager.h">
      <Filter>UI\Manager</Filter>
    </ClInclude>
    <ClInclude Include="ButtonUI.h">
      <Filter>UI\ButtonUI</Filter>
    </ClInclude>
    <ClInclude Include="Rigidbody.h">
      <Filter>Collision\Rigidbody</Filter>
    </ClInclude>
    <ClInclude Include="CollisionManager.h">
      <Filter>Collision\Manager</Filter>
    </ClInclude>
    <ClInclude Include="GoriLib.h">
      <Filter>Collision</Filter>
    </ClInclude>
    <ClInclude Include="GameObjectTag.h">
      <Filter>Collision</Filter>
    </ClInclude>
    <ClInclude Include="ColliderData.h">
      <Filter>Collision\ColliderData</Filter>
    </ClInclude>
    <ClInclude Include="SphereColliderData.h">
      <Filter>Collision\ColliderData</Filter>
    </ClInclude>
    <ClInclude Include="CapsuleColliderData.h">
      <Filter>Collision\ColliderData</Filter>
    </ClInclude>
    <ClInclude Include="PlaneColliderData.h">
      <Filter>Collision\ColliderData</Filter>
    </ClInclude>
    <ClInclude Include="PlayerAttackManager.h">
      <Filter>Object\Attack\Manager</Filter>
    </ClInclude>
    <ClInclude Include="PlayerAttack.h">
      <Filter>Object\Attack\Manager\Type\Player</Filter>
    </ClInclude>
    <ClInclude Include="EffectManager.h">
      <Filter>Effect</Filter>
    </ClInclude>
    <ClInclude Include="Effect.h">
      <Filter>Effect</Filter>
    </ClInclude>
    <ClInclude Include="BossAction.h">
      <Filter>Object\Character\Enemy\Action\BossAction</Filter>
    </ClInclude>
    <ClInclude Include="BossChaseAction.h">
      <Filter>Object\Character\Enemy\Action\BossAction\Parameter\Chase</Filter>
    </ClInclude>
    <ClInclude Include="CharacterColliderData.h">
      <Filter>Collision\ColliderData</Filter>
    </ClInclude>
    <ClInclude Include="AttackCapsuleColliderData.h">
      <Filter>Collision\ColliderData</Filter>
    </ClInclude>
    <ClInclude Include="AttackSphereColliderData.h">
      <Filter>Collision\ColliderData</Filter>
    </ClInclude>
    <ClInclude Include="AttackData.h">
      <Filter>Collision\AttackData</Filter>
    </ClInclude>
    <ClInclude Include="CharacterData.h">
      <Filter>Collision\CharacterData</Filter>
    </ClInclude>
    <ClInclude Include="Character.h">
      <Filter>Object\Character</Filter>
    </ClInclude>
    <ClInclude Include="BossData.h">
      <Filter>Collision\CharacterData\Enemy</Filter>
    </ClInclude>
    <ClInclude Include="PlayerData.h">
      <Filter>Collision\CharacterData\Player</Filter>
    </ClInclude>
    <ClInclude Include="BossAttackData.h">
      <Filter>Collision\AttackData</Filter>
    </ClInclude>
    <ClInclude Include="PlayerAttackData.h">
      <Filter>Collision\AttackData</Filter>
    </ClInclude>
    <ClInclude Include="ActionParameter.h">
      <Filter>Object\Character\Enemy\Action\BossAction\Parameter</Filter>
    </ClInclude>
    <ClInclude Include="BossRestAction.h">
      <Filter>Object\Character\Enemy\Action\BossAction\Parameter\Rest</Filter>
    </ClInclude>
    <ClInclude Include="BossJumpAttack.h">
      <Filter>Object\Character\Enemy\Action\BossAction\Attack\JumpAttack</Filter>
    </ClInclude>
    <ClInclude Include="BossSlash2Attack.h">
      <Filter>Object\Character\Enemy\Action\BossAction\Attack\Slash2</Filter>
    </ClInclude>
    <ClInclude Include="BossStabAttack.h">
      <Filter>Object\Character\Enemy\Action\BossAction\Attack\StabAttack</Filter>
    </ClInclude>
    <ClInclude Include="BossRotateSlashAttack.h">
      <Filter>Object\Character\Enemy\Action\BossAction\Attack\RotateSlash</Filter>
    </ClInclude>
    <ClInclude Include="BossSlashAttack.h">
      <Filter>Object\Character\Enemy\Action\BossAction\Attack\SlashAttack</Filter>
    </ClInclude>
    <ClInclude Include="BossAttack.h">
      <Filter>Object\Character\Enemy\Action\BossAction\Attack</Filter>
    </ClInclude>
    <ClInclude Include="BossDeathAction.h">
      <Filter>Object\Character\Enemy\Action\BossAction\Parameter\Death</Filter>
    </ClInclude>
    <ClInclude Include="BossActionHeader.h">
      <Filter>Data\HeaderFile</Filter>
    </ClInclude>
    <ClInclude Include="BossIdleAction.h">
      <Filter>Object\Character\Enemy\Action\BossAction\Parameter\Idle</Filter>
    </ClInclude>
    <ClInclude Include="BossRoarAction.h">
      <Filter>Object\Character\Enemy\Action\BossAction\Parameter\Roar</Filter>
    </ClInclude>
    <ClInclude Include="HitStopManager.h">
      <Filter>HitStopManager</Filter>
    </ClInclude>
    <ClInclude Include="Image.h">
      <Filter>UI\Scene\Image</Filter>
    </ClInclude>
    <ClInclude Include="TitleScene.h">
      <Filter>Scene\Type\Title</Filter>
    </ClInclude>
    <ClInclude Include="GameClearScene.h">
      <Filter>Scene\Type\GameClear</Filter>
    </ClInclude>
    <ClInclude Include="SelectScene.h">
      <Filter>Scene\Type\Select</Filter>
    </ClInclude>
    <ClInclude Include="GameUI.h">
      <Filter>UI\Scene\Game</Filter>
    </ClInclude>
    <ClInclude Include="SceneUI.h">
      <Filter>UI\Scene\Base</Filter>
    </ClInclude>
    <ClInclude Include="TitleUI.h">
      <Filter>UI\Scene\Title</Filter>
    </ClInclude>
    <ClInclude Include="SelectUI.h">
      <Filter>UI\Scene\Select</Filter>
    </ClInclude>
    <ClInclude Include="GameOverUI.h">
      <Filter>UI\Scene\GameOver</Filter>
    </ClInclude>
    <ClInclude Include="GameClearUI.h">
      <Filter>UI\Scene\GameClear</Filter>
    </ClInclude>
    <ClInclude Include="GameOverScene.h">
      <Filter>Scene\Type\GameOver</Filter>
    </ClInclude>
    <ClInclude Include="BossNameUI.h">
      <Filter>UI\BossNameUI</Filter>
    </ClInclude>
    <ClInclude Include="ReactionType.h">
      <Filter>Data\HeaderFile</Filter>
    </ClInclude>
    <ClInclude Include="HitStop.h">
      <Filter>HitStopManager</Filter>
    </ClInclude>
    <ClInclude Include="BossJumpAttackAction.h">
      <Filter>Object\Character\Enemy\Action\BossAction\Parameter\Attack\JumpAttack</Filter>
    </ClInclude>
    <ClInclude Include="BossSlash2Action.h">
      <Filter>Object\Character\Enemy\Action\BossAction\Parameter\Attack\Slash2</Filter>
    </ClInclude>
    <ClInclude Include="BossRotateSlashAction.h">
      <Filter>Object\Character\Enemy\Action\BossAction\Parameter\Attack\RotateSlash</Filter>
    </ClInclude>
    <ClInclude Include="BossSlashAction.h">
      <Filter>Object\Character\Enemy\Action\BossAction\Parameter\Attack\Slash</Filter>
    </ClInclude>
    <ClInclude Include="BossStabAction.h">
      <Filter>Object\Character\Enemy\Action\BossAction\Parameter\Attack\Stab</Filter>
    </ClInclude>
    <ClInclude Include="BossSlashComboAttack.h">
      <Filter>Object\Character\Enemy\Action\BossAction\Attack\SlashCombo</Filter>
    </ClInclude>
    <ClInclude Include="BossPunchAttack.h">
      <Filter>Object\Character\Enemy\Action\BossAction\Attack\Punch</Filter>
    </ClInclude>
    <ClInclude Include="BossSlashCombo2Attack.h">
      <Filter>Object\Character\Enemy\Action\BossAction\Attack\SlashCombo2</Filter>
    </ClInclude>
    <ClInclude Include="BossSlashCombo2Action.h">
      <Filter>Object\Character\Enemy\Action\BossAction\Parameter\Attack\SlashCombo2</Filter>
    </ClInclude>
    <ClInclude Include="BossPunchAction.h">
      <Filter>Object\Character\Enemy\Action\BossAction\Parameter\Attack\Punch</Filter>
    </ClInclude>
    <ClInclude Include="BossSlashComboAction.h">
      <Filter>Object\Character\Enemy\Action\BossAction\Parameter\Attack\SlashCombo</Filter>
    </ClInclude>
    <ClInclude Include="Shadow.h">
      <Filter>Shadow</Filter>
    </ClInclude>
    <ClInclude Include="BossImpactEffect.h">
      <Filter>Effect\Boss\Impact</Filter>
    </ClInclude>
    <ClInclude Include="PlayerGuardHitEffect.h">
      <Filter>Effect\Player\GuardHit</Filter>
    </ClInclude>
    <ClInclude Include="PlayerHealEffect.h">
      <Filter>Effect\Player\Heal</Filter>
    </ClInclude>
    <ClInclude Include="PlayerImpactEffect.h">
      <Filter>Effect\Player\Attack</Filter>
    </ClInclude>
    <ClInclude Include="Audience.h">
      <Filter>UI\Audience</Filter>
    </ClInclude>
    <ClInclude Include="Timer.h">
      <Filter>Timer</Filter>
    </ClInclude>
    <ClInclude Include="PlayerChargeAttackEffect.h">
      <Filter>Effect\Player\ChargeAttack</Filter>
    </ClInclude>
    <ClInclude Include="ModelColliderData.h">
      <Filter>Collision\ColliderData</Filter>
    </ClInclude>
    <ClInclude Include="EnemyChanger.h">
      <Filter>Object\Character\Enemy\EnemyChanger</Filter>
    </ClInclude>
    <ClInclude Include="Beast.h">
      <Filter>Object\Character\Enemy\beast</Filter>
    </ClInclude>
    <ClInclude Include="Dragon.h">
      <Filter>Object\Character\Enemy\dragon</Filter>
    </ClInclude>
    <ClInclude Include="PlayerController.h">
      <Filter>Object\Character\Player\PlayerController</Filter>
    </ClInclude>
    <ClInclude Include="PlayerIdle.h">
      <Filter>Object\Character\Player\PlayerAction\A_Idle</Filter>
    </ClInclude>
    <ClInclude Include="PlayerAction.h">
      <Filter>Object\Character\Player\PlayerAction</Filter>
    </ClInclude>
    <ClInclude Include="PlayerWalk.h">
      <Filter>Object\Character\Player\PlayerAction\L_Walk</Filter>
    </ClInclude>
    <ClInclude Include="PlayerRun.h">
      <Filter>Object\Character\Player\PlayerAction\J_Run</Filter>
    </ClInclude>
    <ClInclude Include="PlayerDeath.h">
      <Filter>Object\Character\Player\PlayerAction\C_Death</Filter>
    </ClInclude>
    <ClInclude Include="PlayerBlock.h">
      <Filter>Object\Character\Player\PlayerAction\D_Block</Filter>
    </ClInclude>
    <ClInclude Include="PlayerAvoid.h">
      <Filter>Object\Character\Player\PlayerAction\B_Avoid</Filter>
    </ClInclude>
    <ClInclude Include="PlayerHeal.h">
      <Filter>Object\Character\Player\PlayerAction\I_Heal</Filter>
    </ClInclude>
    <ClInclude Include="PlayerStagger.h">
      <Filter>Object\Character\Player\PlayerAction\E_Stagger</Filter>
    </ClInclude>
    <ClInclude Include="PlayerBlockStagger.h">
      <Filter>Object\Character\Player\PlayerAction\F_BlockStagger</Filter>
    </ClInclude>
    <ClInclude Include="PlayerKnockdown.h">
      <Filter>Object\Character\Player\PlayerAction\G_Knockdown</Filter>
    </ClInclude>
    <ClInclude Include="PlayerRunOutOfStamina.h">
      <Filter>Object\Character\Player\PlayerAction\K_RUN_OUT_OF_STAMINA</Filter>
    </ClInclude>
    <ClInclude Include="PlayerCombo1.h">
      <Filter>Object\Character\Player\PlayerAction\M_Combo1</Filter>
    </ClInclude>
    <ClInclude Include="PlayerCombo2.h">
      <Filter>Object\Character\Player\PlayerAction\N_Combo2</Filter>
    </ClInclude>
    <ClInclude Include="PlayerCombo3.h">
      <Filter>Object\Character\Player\PlayerAction\O_Combo3</Filter>
    </ClInclude>
    <ClInclude Include="PlayerStrongAttack.h">
      <Filter>Object\Character\Player\PlayerAction\P_StrongAttack</Filter>
    </ClInclude>
    <ClInclude Include="PlayerActionHeader.h">
      <Filter>Data\HeaderFile</Filter>
    </ClInclude>
    <ClInclude Include="PlayerKnockup.h">
      <Filter>Object\Character\Player\PlayerAction\H_KnockUp</Filter>
    </ClInclude>
    <ClInclude Include="Boss.h">
      <Filter>Object\Character\Enemy\Boss</Filter>
    </ClInclude>
    <ClInclude Include="BehaviorTreeNode.h">
      <Filter>Data\BehaviorTree\Base</Filter>
    </ClInclude>
    <ClInclude Include="ActionNode.h">
      <Filter>Data\BehaviorTree\Action</Filter>
    </ClInclude>
    <ClInclude Include="CompositeNode.h">
      <Filter>Data\BehaviorTree\Composite</Filter>
    </ClInclude>
    <ClInclude Include="DecoratorNode.h">
      <Filter>Data\BehaviorTree\Decorator</Filter>
    </ClInclude>
    <ClInclude Include="ParalellNode.h">
      <Filter>Data\BehaviorTree\Composite\Paralell</Filter>
    </ClInclude>
    <ClInclude Include="SelectorNode.h">
      <Filter>Data\BehaviorTree\Composite\Selector</Filter>
    </ClInclude>
    <ClInclude Include="SequencerNode.h">
      <Filter>Data\BehaviorTree\Composite\Sequencer</Filter>
    </ClInclude>
    <ClInclude Include="ConditionNode.h">
      <Filter>Data\BehaviorTree\Condition</Filter>
    </ClInclude>
    <ClInclude Include="BeastBehaviorTree.h">
      <Filter>Object\Character\Enemy\Action\BehaviorTree\Beast</Filter>
    </ClInclude>
    <ClInclude Include="Beast_Dying.h">
      <Filter>Object\Character\Enemy\Action\BeastAction\1_DYING</Filter>
    </ClInclude>
    <ClInclude Include="Beast_Idle.h">
      <Filter>Object\Character\Enemy\Action\BeastAction\2_IDLE</Filter>
    </ClInclude>
    <ClInclude Include="Beast_Roar.h">
      <Filter>Object\Character\Enemy\Action\BeastAction\3_Roar</Filter>
    </ClInclude>
    <ClInclude Include="Beast_Walk.h">
      <Filter>Object\Character\Enemy\Action\BeastAction\4_Walk</Filter>
    </ClInclude>
    <ClInclude Include="Enemy.h">
      <Filter>Object\Character\Enemy</Filter>
    </ClInclude>
    <ClInclude Include="ExecuteAllNode.h">
      <Filter>Data\BehaviorTree\ExecuteAll</Filter>
    </ClInclude>
    <ClInclude Include="BeastBehaviorTreeHeader.h">
      <Filter>Data\HeaderFile</Filter>
    </ClInclude>
    <ClInclude Include="CheckDownCondition.h">
      <Filter>Object\Character\Enemy\Action\BehaviorTree\Beast\Parts\CheckDown</Filter>
    </ClInclude>
    <ClInclude Include="CheckDyingCondition.h">
      <Filter>Object\Character\Enemy\Action\BehaviorTree\Beast\Parts\CheckDying</Filter>
    </ClInclude>
    <ClInclude Include="CheckAngryCondition.h">
      <Filter>Object\Character\Enemy\Action\BehaviorTree\Beast\Parts\CheckAngry</Filter>
    </ClInclude>
    <ClInclude Include="CheckWalkCondition.h">
      <Filter>Object\Character\Enemy\Action\BehaviorTree\Beast\Parts\CheckWalk</Filter>
    </ClInclude>
    <ClInclude Include="CheckRushCondition.h">
      <Filter>Object\Character\Enemy\Action\BehaviorTree\Beast\Parts\CheckRush</Filter>
    </ClInclude>
    <ClInclude Include="Beast_Run.h">
      <Filter>Object\Character\Enemy\Action\BeastAction\5_Run</Filter>
    </ClInclude>
    <ClInclude Include="Beast_TurnLeft.h">
      <Filter>Object\Character\Enemy\Action\BeastAction\6_TurnLeft</Filter>
    </ClInclude>
    <ClInclude Include="Beast_TurnRight.h">
      <Filter>Object\Character\Enemy\Action\BeastAction\7_TurnRight</Filter>
    </ClInclude>
    <ClInclude Include="Beast_Down.h">
      <Filter>Object\Character\Enemy\Action\BeastAction\8_Down</Filter>
    </ClInclude>
    <ClInclude Include="Beast_LongFrightening.h">
      <Filter>Object\Character\Enemy\Action\BeastAction\9_LongFrightening</Filter>
    </ClInclude>
    <ClInclude Include="Beast_ShortFrightening.h">
      <Filter>Object\Character\Enemy\Action\BeastAction\10_ShortFrightening</Filter>
    </ClInclude>
    <ClInclude Include="Beast_Rest.h">
      <Filter>Object\Character\Enemy\Action\BeastAction\11_Rest</Filter>
    </ClInclude>
    <ClInclude Include="Beast_StepBack.h">
      <Filter>Object\Character\Enemy\Action\BeastAction\12_StepBack</Filter>
    </ClInclude>
    <ClInclude Include="Beast_RaiseLevel.h">
      <Filter>Object\Character\Enemy\Action\BeastAction\13_RaiseLevel</Filter>
    </ClInclude>
    <ClInclude Include="Beast_BackingBreath.h">
      <Filter>Object\Character\Enemy\Action\BeastAction\14_BackingBreath</Filter>
    </ClInclude>
    <ClInclude Include="Beast_Rush.h">
      <Filter>Object\Character\Enemy\Action\BeastAction\15_Rush</Filter>
    </ClInclude>
    <ClInclude Include="Beast_ChargeRightFootAttack.h">
      <Filter>Object\Character\Enemy\Action\BeastAction\16_ChargeRightFootAttack</Filter>
    </ClInclude>
    <ClInclude Include="Beast_ChargeBothFootAttack.h">
      <Filter>Object\Character\Enemy\Action\BeastAction\17_ChargeBothFootAttack</Filter>
    </ClInclude>
    <ClInclude Include="Beast_Breath.h">
      <Filter>Object\Character\Enemy\Action\BeastAction\18_Breath</Filter>
    </ClInclude>
    <ClInclude Include="Beast_SuperNova.h">
      <Filter>Object\Character\Enemy\Action\BeastAction\19_SuperNova</Filter>
    </ClInclude>
    <ClInclude Include="Beast_WeakBreath.h">
      <Filter>Object\Character\Enemy\Action\BeastAction\20_WeakBreath</Filter>
    </ClInclude>
    <ClInclude Include="Beast_SmallExplosion.h">
      <Filter>Object\Character\Enemy\Action\BeastAction\21_SmallExplosion</Filter>
    </ClInclude>
    <ClInclude Include="Beast_RightFootAttack.h">
      <Filter>Object\Character\Enemy\Action\BeastAction\22_RightFootAttack</Filter>
    </ClInclude>
    <ClInclude Include="Beast_FootComboAttack.h">
      <Filter>Object\Character\Enemy\Action\BeastAction\23_FootComboAttack</Filter>
    </ClInclude>
    <ClInclude Include="Beast_RightFootAndRotAttack.h">
      <Filter>Object\Character\Enemy\Action\BeastAction\23_RightFootAndRotAttack</Filter>
    </ClInclude>
    <ClInclude Include="BossRoarEffect.h">
      <Filter>Effect\Boss\Roar</Filter>
    </ClInclude>
    <ClInclude Include="Beast_CalcToTargetDistance.h">
      <Filter>Object\Character\Enemy\Action\BehaviorTree\Beast\Parts\CalcTargetDistance</Filter>
    </ClInclude>
    <ClInclude Include="CheckMoreFarCondition.h">
      <Filter>Object\Character\Enemy\Action\BehaviorTree\Beast\Parts\CheckMoreFar</Filter>
    </ClInclude>
    <ClInclude Include="CheckSpecialNodeCondition.h">
      <Filter>Object\Character\Enemy\Action\BehaviorTree\Beast\Parts\CheckSpecial</Filter>
    </ClInclude>
    <ClInclude Include="CheckSuperNovaCondition.h">
      <Filter>Object\Character\Enemy\Action\BehaviorTree\Beast\Parts\CheckSuperNova</Filter>
    </ClInclude>
    <ClInclude Include="CheckRaiseLevelCondition.h">
      <Filter>Object\Character\Enemy\Action\BehaviorTree\Beast\Parts\CheckRaiseLevel</Filter>
    </ClInclude>
    <ClInclude Include="CheckCombo1AttackCondition.h">
      <Filter>Object\Character\Enemy\Action\BehaviorTree\Beast\Parts\CheckCombo1Attack</Filter>
    </ClInclude>
    <ClInclude Include="CheckCombo2AttackCondition.h">
      <Filter>Object\Character\Enemy\Action\BehaviorTree\Beast\Parts\CheckCombo2Attack</Filter>
    </ClInclude>
    <ClInclude Include="CheckChargeRightAttackCondition.h">
      <Filter>Object\Character\Enemy\Action\BehaviorTree\Beast\Parts\CheckChargeRightAttack</Filter>
    </ClInclude>
    <ClInclude Include="CheckRightAttackCondition.h">
      <Filter>Object\Character\Enemy\Action\BehaviorTree\Beast\Parts\CheckRightAttack</Filter>
    </ClInclude>
    <ClInclude Include="CheckChargeBothAttackCondition.h">
      <Filter>Object\Character\Enemy\Action\BehaviorTree\Beast\Parts\CheckChargeBothAttack</Filter>
    </ClInclude>
    <ClInclude Include="State.h">
      <Filter>Data\StateMachine\State</Filter>
    </ClInclude>
    <ClInclude Include="Blackboard.h">
      <Filter>Data\Blackboard</Filter>
    </ClInclude>
    <ClInclude Include="StateMachine.h">
      <Filter>Data\StateMachine</Filter>
    </ClInclude>
  </ItemGroup>
  <ItemGroup>
    <None Include="Data\Json\Camera.json">
      <Filter>Json\File</Filter>
    </None>
    <None Include="Data\Json\Enemy.json">
      <Filter>Json\File</Filter>
    </None>
    <None Include="Data\Json\FontPath.json">
      <Filter>Json\File</Filter>
    </None>
    <None Include="Data\Json\FPSController.json">
      <Filter>Json\File</Filter>
    </None>
    <None Include="Data\Json\ImagePath.json">
      <Filter>Json\File</Filter>
    </None>
    <None Include="Data\Json\LoadJsonFile.json">
      <Filter>Json\File</Filter>
    </None>
    <None Include="Data\Json\LoadScene.json">
      <Filter>Json\File</Filter>
    </None>
    <None Include="Data\Json\ModelPath.json">
      <Filter>Json\File</Filter>
    </None>
    <None Include="Data\Json\Player.json">
      <Filter>Json\File</Filter>
    </None>
    <None Include="Data\Json\ScreenSetup.json">
      <Filter>Json\File</Filter>
    </None>
    <None Include="Data\Json\SoundPath.json">
      <Filter>Json\File</Filter>
    </None>
    <None Include="Data\Json\Map.json">
      <Filter>Json\File</Filter>
    </None>
    <None Include="Data\Json\Debug.json">
      <Filter>Json\File</Filter>
    </None>
    <None Include="Data\Json\UI.json">
      <Filter>Json\File</Filter>
    </None>
    <None Include="Data\Json\EffectPath.json">
      <Filter>Json\File</Filter>
    </None>
    <None Include="Data\Json\Effect.json">
      <Filter>Json\File</Filter>
    </None>
    <None Include="Data\Json\Bot.json">
      <Filter>Json\File</Filter>
    </None>
    <None Include="Data\Json\Beast.json">
      <Filter>Json\File</Filter>
    </None>
    <None Include="Data\Json\Dragon.json">
      <Filter>Json\File</Filter>
    </None>
  </ItemGroup>
  <ItemGroup>
    <ResourceCompile Include="Project.rc">
      <Filter>Other\ScreenSetup</Filter>
    </ResourceCompile>
  </ItemGroup>
</Project>